
Microsoft Visual Studio Solution File, Format Version 12.00
# Visual Studio Version 17
VisualStudioVersion = 17.5.002.0
MinimumVisualStudioVersion = 10.0.40219.1
Project("{2150E333-8FDC-42A3-9474-1A3956D46DE8}") = "src", "src", "{987D751D-102E-456C-BC9F-36D446A45A15}"
EndProject
Project("{9A19103F-16F7-4668-BE54-9A1E7A4F7556}") = "Play.Catalog.Service", "src\Play.Catalog.Service\Play.Catalog.Service.csproj", "{3FD44738-0AA3-4638-8161-B5741C68F61E}"
EndProject
Global
	GlobalSection(SolutionConfigurationPlatforms) = preSolution
		Debug|Any CPU = Debug|Any CPU
		Release|Any CPU = Release|Any CPU
	EndGlobalSection
	GlobalSection(ProjectConfigurationPlatforms) = postSolution
		{3FD44738-0AA3-4638-8161-B5741C68F61E}.Debug|Any CPU.ActiveCfg = Debug|Any CPU
		{3FD44738-0AA3-4638-8161-B5741C68F61E}.Debug|Any CPU.Build.0 = Debug|Any CPU
		{3FD44738-0AA3-4638-8161-B5741C68F61E}.Release|Any CPU.ActiveCfg = Release|Any CPU
		{3FD44738-0AA3-4638-8161-B5741C68F61E}.Release|Any CPU.Build.0 = Release|Any CPU
	EndGlobalSection
	GlobalSection(SolutionProperties) = preSolution
		HideSolutionNode = FALSE
	EndGlobalSection
	GlobalSection(NestedProjects) = preSolution
		{3FD44738-0AA3-4638-8161-B5741C68F61E} = {987D751D-102E-456C-BC9F-36D446A45A15}
	EndGlobalSection
	GlobalSection(ExtensibilityGlobals) = postSolution
		SolutionGuid = {27AE7B34-8114-43A4-A670-CADC886763F7}
	EndGlobalSection
EndGlobal
